
Microsoft Visual Studio Solution File, Format Version 12.00
# Visual Studio Version 16
VisualStudioVersion = 16.0.29613.14
MinimumVisualStudioVersion = 10.0.40219.1
Project("{FAE04EC0-301F-11D3-BF4B-00C04F79EFBC}") = "AdditionTask", "AdditionTask\AdditionTask.csproj", "{1C226A09-7637-4FC8-8E0F-C056CB8C8CAF}"
EndProject
Project("{FAE04EC0-301F-11D3-BF4B-00C04F79EFBC}") = "Task_3", "Task_3\Task_3.csproj", "{3F1120DB-8621-42CE-9FDF-10CBDB63E86D}"
EndProject
Project("{FAE04EC0-301F-11D3-BF4B-00C04F79EFBC}") = "Task_2", "Task_2\Task_2.csproj", "{E75D954C-8E1E-4703-90F9-B5627FA26534}"
EndProject
Global
	GlobalSection(SolutionConfigurationPlatforms) = preSolution
		Debug|Any CPU = Debug|Any CPU
		Release|Any CPU = Release|Any CPU
	EndGlobalSection
	GlobalSection(ProjectConfigurationPlatforms) = postSolution
		{1C226A09-7637-4FC8-8E0F-C056CB8C8CAF}.Debug|Any CPU.ActiveCfg = Debug|Any CPU
		{1C226A09-7637-4FC8-8E0F-C056CB8C8CAF}.Debug|Any CPU.Build.0 = Debug|Any CPU
		{1C226A09-7637-4FC8-8E0F-C056CB8C8CAF}.Release|Any CPU.ActiveCfg = Release|Any CPU
		{1C226A09-7637-4FC8-8E0F-C056CB8C8CAF}.Release|Any CPU.Build.0 = Release|Any CPU
		{3F1120DB-8621-42CE-9FDF-10CBDB63E86D}.Debug|Any CPU.ActiveCfg = Debug|Any CPU
		{3F1120DB-8621-42CE-9FDF-10CBDB63E86D}.Debug|Any CPU.Build.0 = Debug|Any CPU
		{3F1120DB-8621-42CE-9FDF-10CBDB63E86D}.Release|Any CPU.ActiveCfg = Release|Any CPU
		{3F1120DB-8621-42CE-9FDF-10CBDB63E86D}.Release|Any CPU.Build.0 = Release|Any CPU
		{E75D954C-8E1E-4703-90F9-B5627FA26534}.Debug|Any CPU.ActiveCfg = Debug|Any CPU
		{E75D954C-8E1E-4703-90F9-B5627FA26534}.Debug|Any CPU.Build.0 = Debug|Any CPU
		{E75D954C-8E1E-4703-90F9-B5627FA26534}.Release|Any CPU.ActiveCfg = Release|Any CPU
		{E75D954C-8E1E-4703-90F9-B5627FA26534}.Release|Any CPU.Build.0 = Release|Any CPU
	EndGlobalSection
	GlobalSection(SolutionProperties) = preSolution
		HideSolutionNode = FALSE
	EndGlobalSection
	GlobalSection(ExtensibilityGlobals) = postSolution
		SolutionGuid = {4B6CBC1E-F507-4EDE-9B66-CFB87E48AAB0}
	EndGlobalSection
EndGlobal
